
Microsoft Visual Studio Solution File, Format Version 12.00
# Visual Studio Version 17
VisualStudioVersion = 17.4.33103.184
MinimumVisualStudioVersion = 10.0.40219.1
Project("{9A19103F-16F7-4668-BE54-9A1E7A4F7556}") = "Jcs2BlazorWasmTestField.Server", "Jcs2BlazorWasmTestField\Server\Jcs2BlazorWasmTestField.Server.csproj", "{016C5773-DA6E-4A69-A2FD-28C2671DDD31}"
EndProject
Project("{9A19103F-16F7-4668-BE54-9A1E7A4F7556}") = "Jcs2BlazorWasmTestField.Client", "Jcs2BlazorWasmTestField\Client\Jcs2BlazorWasmTestField.Client.csproj", "{6F1DB97C-9ABC-495E-8C56-1802FA540737}"
EndProject
Project("{9A19103F-16F7-4668-BE54-9A1E7A4F7556}") = "Jcs2BlazorWasmTestField.Shared", "Jcs2BlazorWasmTestField\Shared\Jcs2BlazorWasmTestField.Shared.csproj", "{11847693-3A32-4B66-8A05-396C86D6C19A}"
EndProject
Global
	GlobalSection(SolutionConfigurationPlatforms) = preSolution
		Debug|Any CPU = Debug|Any CPU
		Release|Any CPU = Release|Any CPU
	EndGlobalSection
	GlobalSection(ProjectConfigurationPlatforms) = postSolution
		{016C5773-DA6E-4A69-A2FD-28C2671DDD31}.Debug|Any CPU.ActiveCfg = Debug|Any CPU
		{016C5773-DA6E-4A69-A2FD-28C2671DDD31}.Debug|Any CPU.Build.0 = Debug|Any CPU
		{016C5773-DA6E-4A69-A2FD-28C2671DDD31}.Release|Any CPU.ActiveCfg = Release|Any CPU
		{016C5773-DA6E-4A69-A2FD-28C2671DDD31}.Release|Any CPU.Build.0 = Release|Any CPU
		{6F1DB97C-9ABC-495E-8C56-1802FA540737}.Debug|Any CPU.ActiveCfg = Debug|Any CPU
		{6F1DB97C-9ABC-495E-8C56-1802FA540737}.Debug|Any CPU.Build.0 = Debug|Any CPU
		{6F1DB97C-9ABC-495E-8C56-1802FA540737}.Release|Any CPU.ActiveCfg = Release|Any CPU
		{6F1DB97C-9ABC-495E-8C56-1802FA540737}.Release|Any CPU.Build.0 = Release|Any CPU
		{11847693-3A32-4B66-8A05-396C86D6C19A}.Debug|Any CPU.ActiveCfg = Debug|Any CPU
		{11847693-3A32-4B66-8A05-396C86D6C19A}.Debug|Any CPU.Build.0 = Debug|Any CPU
		{11847693-3A32-4B66-8A05-396C86D6C19A}.Release|Any CPU.ActiveCfg = Release|Any CPU
		{11847693-3A32-4B66-8A05-396C86D6C19A}.Release|Any CPU.Build.0 = Release|Any CPU
	EndGlobalSection
	GlobalSection(SolutionProperties) = preSolution
		HideSolutionNode = FALSE
	EndGlobalSection
	GlobalSection(ExtensibilityGlobals) = postSolution
		SolutionGuid = {B71A42A1-3D1A-4C59-A5EF-F83F012F01FF}
	EndGlobalSection
EndGlobal
